
Microsoft Visual Studio Solution File, Format Version 12.00
# Visual Studio Version 17
VisualStudioVersion = 17.0.31903.59
MinimumVisualStudioVersion = 10.0.40219.1
Project("{FAE04EC0-301F-11D3-BF4B-00C04F79EFBC}") = "BookApp.Api", "BookApp.Api\BookApp.Api.csproj", "{F437769C-2CF4-4860-8D1A-754110177C9D}"
EndProject
Project("{FAE04EC0-301F-11D3-BF4B-00C04F79EFBC}") = "BookApp.DataService", "BookApp.DataService\BookApp.DataService.csproj", "{520421DB-4EBC-46CC-84E1-E5CCDD803218}"
EndProject
Global
	GlobalSection(SolutionConfigurationPlatforms) = preSolution
		Debug|Any CPU = Debug|Any CPU
		Release|Any CPU = Release|Any CPU
	EndGlobalSection
	GlobalSection(SolutionProperties) = preSolution
		HideSolutionNode = FALSE
	EndGlobalSection
	GlobalSection(ProjectConfigurationPlatforms) = postSolution
		{F437769C-2CF4-4860-8D1A-754110177C9D}.Debug|Any CPU.ActiveCfg = Debug|Any CPU
		{F437769C-2CF4-4860-8D1A-754110177C9D}.Debug|Any CPU.Build.0 = Debug|Any CPU
		{F437769C-2CF4-4860-8D1A-754110177C9D}.Release|Any CPU.ActiveCfg = Release|Any CPU
		{F437769C-2CF4-4860-8D1A-754110177C9D}.Release|Any CPU.Build.0 = Release|Any CPU
		{520421DB-4EBC-46CC-84E1-E5CCDD803218}.Debug|Any CPU.ActiveCfg = Debug|Any CPU
		{520421DB-4EBC-46CC-84E1-E5CCDD803218}.Debug|Any CPU.Build.0 = Debug|Any CPU
		{520421DB-4EBC-46CC-84E1-E5CCDD803218}.Release|Any CPU.ActiveCfg = Release|Any CPU
		{520421DB-4EBC-46CC-84E1-E5CCDD803218}.Release|Any CPU.Build.0 = Release|Any CPU
	EndGlobalSection
EndGlobal
